
Microsoft Visual Studio Solution File, Format Version 12.00
# Visual Studio Version 17
VisualStudioVersion = 17.3.32922.545
MinimumVisualStudioVersion = 10.0.40219.1
Project("{FAE04EC0-301F-11D3-BF4B-00C04F79EFBC}") = "MvcApiTokenCubosExamen", "MvcApiTokenCubosExamen\MvcApiTokenCubosExamen.csproj", "{5FCDF15E-A443-43B6-A95B-EB65D92B45F6}"
EndProject
Global
	GlobalSection(SolutionConfigurationPlatforms) = preSolution
		Debug|Any CPU = Debug|Any CPU
		Release|Any CPU = Release|Any CPU
	EndGlobalSection
	GlobalSection(ProjectConfigurationPlatforms) = postSolution
		{5FCDF15E-A443-43B6-A95B-EB65D92B45F6}.Debug|Any CPU.ActiveCfg = Debug|Any CPU
		{5FCDF15E-A443-43B6-A95B-EB65D92B45F6}.Debug|Any CPU.Build.0 = Debug|Any CPU
		{5FCDF15E-A443-43B6-A95B-EB65D92B45F6}.Release|Any CPU.ActiveCfg = Release|Any CPU
		{5FCDF15E-A443-43B6-A95B-EB65D92B45F6}.Release|Any CPU.Build.0 = Release|Any CPU
	EndGlobalSection
	GlobalSection(SolutionProperties) = preSolution
		HideSolutionNode = FALSE
	EndGlobalSection
	GlobalSection(ExtensibilityGlobals) = postSolution
		SolutionGuid = {54582A8C-CCBA-4BA8-AF63-2DAFCCADDE3D}
	EndGlobalSection
EndGlobal
